{
  "object": {
    "pins": [
      {
        "package": "ExcelExport",
        "repositoryURL": "https://github.com/huguesf/ExcelExport.git",
        "state": {
          "branch": "master",
          "revision": "2253c9bfa5507cbb71ce2e748646c2169e0ef55d",
          "version": null
        }
      }
    ]
  },
  "version": 1
}
